
Microsoft Visual Studio Solution File, Format Version 12.00
# Visual Studio Version 17
VisualStudioVersion = 17.0.31903.59
MinimumVisualStudioVersion = 10.0.40219.1
Project("{2150E333-8FDC-42A3-9474-1A3956D46DE8}") = "src", "src", "{827E0CD3-B72D-47B6-A68D-7590B98EB39B}"
EndProject
Project("{FAE04EC0-301F-11D3-BF4B-00C04F79EFBC}") = "WorriorVex.Application", "src\WorriorVex.Application\WorriorVex.Application.csproj", "{417C86D6-5796-4CFB-99F5-64EAFE68474A}"
EndProject
Project("{FAE04EC0-301F-11D3-BF4B-00C04F79EFBC}") = "WorriorVex.Desktop", "src\WorriorVex.Desktop\WorriorVex.Desktop.csproj", "{0833ADDA-2C28-439C-A44A-B71D506CF532}"
EndProject
Project("{FAE04EC0-301F-11D3-BF4B-00C04F79EFBC}") = "WorriorVex.Domain", "src\WorriorVex.Domain\WorriorVex.Domain.csproj", "{A3705E07-DAD5-4A2D-B0EA-B62F5BF3C57E}"
EndProject
Project("{FAE04EC0-301F-11D3-BF4B-00C04F79EFBC}") = "WorriorVex.Infrastructure", "src\WorriorVex.Infrastructure\WorriorVex.Infrastructure.csproj", "{A5C9C61D-FC66-44E7-A583-B3AA72DF76B2}"
EndProject
Project("{FAE04EC0-301F-11D3-BF4B-00C04F79EFBC}") = "WorriorVex.UI", "src\WorriorVex.UI\WorriorVex.UI.csproj", "{D576FE0A-F454-4B0E-A6AC-1B9E30E9A92A}"
EndProject
Project("{2150E333-8FDC-42A3-9474-1A3956D46DE8}") = "tests", "tests", "{0AB3BF05-4346-4AA6-1389-037BE0695223}"
EndProject
Project("{FAE04EC0-301F-11D3-BF4B-00C04F79EFBC}") = "WorriorVex.Domain.Tests", "tests\WorriorVex.Domain.Tests\WorriorVex.Domain.Tests.csproj", "{3C6072DF-FEE5-4783-8564-671D9706C0B4}"
EndProject
Project("{FAE04EC0-301F-11D3-BF4B-00C04F79EFBC}") = "WorriorVex.IntegrationTests", "tests\WorriorVex.IntegrationTests\WorriorVex.IntegrationTests.csproj", "{BA46D1AD-6629-4DB8-9B56-47A694CC750F}"
EndProject
Project("{FAE04EC0-301F-11D3-BF4B-00C04F79EFBC}") = "WorriorVex.Application.Tests", "tests\WorriorVex.Application.Tests\WorriorVex.Application.Tests.csproj", "{BAD444FF-D671-44F2-B2F5-16B47EA9C7F1}"
EndProject
Project("{FAE04EC0-301F-11D3-BF4B-00C04F79EFBC}") = "WorriorVex.UITests", "tests\WorriorVex.UITests\WorriorVex.UITests.csproj", "{CB181DDE-353D-4E88-B2E3-4753C7B16BB3}"
EndProject
Project("{2150E333-8FDC-42A3-9474-1A3956D46DE8}") = "tools", "tools", "{07C2787E-EAC7-C090-1BA3-A61EC2A24D84}"
EndProject
Project("{FAE04EC0-301F-11D3-BF4B-00C04F79EFBC}") = "WorriorVex.Bench", "tools\WorriorVex.Bench\WorriorVex.Bench.csproj", "{F193E353-CE4F-4F9C-B3A2-D07C8147EB58}"
EndProject
Global
	GlobalSection(SolutionConfigurationPlatforms) = preSolution
		Debug|Any CPU = Debug|Any CPU
		Debug|x64 = Debug|x64
		Debug|x86 = Debug|x86
		Release|Any CPU = Release|Any CPU
		Release|x64 = Release|x64
		Release|x86 = Release|x86
	EndGlobalSection
	GlobalSection(ProjectConfigurationPlatforms) = postSolution
		{417C86D6-5796-4CFB-99F5-64EAFE68474A}.Debug|Any CPU.ActiveCfg = Debug|Any CPU
		{417C86D6-5796-4CFB-99F5-64EAFE68474A}.Debug|Any CPU.Build.0 = Debug|Any CPU
		{417C86D6-5796-4CFB-99F5-64EAFE68474A}.Debug|x64.ActiveCfg = Debug|Any CPU
		{417C86D6-5796-4CFB-99F5-64EAFE68474A}.Debug|x64.Build.0 = Debug|Any CPU
		{417C86D6-5796-4CFB-99F5-64EAFE68474A}.Debug|x86.ActiveCfg = Debug|Any CPU
		{417C86D6-5796-4CFB-99F5-64EAFE68474A}.Debug|x86.Build.0 = Debug|Any CPU
		{417C86D6-5796-4CFB-99F5-64EAFE68474A}.Release|Any CPU.ActiveCfg = Release|Any CPU
		{417C86D6-5796-4CFB-99F5-64EAFE68474A}.Release|Any CPU.Build.0 = Release|Any CPU
		{417C86D6-5796-4CFB-99F5-64EAFE68474A}.Release|x64.ActiveCfg = Release|Any CPU
		{417C86D6-5796-4CFB-99F5-64EAFE68474A}.Release|x64.Build.0 = Release|Any CPU
		{417C86D6-5796-4CFB-99F5-64EAFE68474A}.Release|x86.ActiveCfg = Release|Any CPU
		{417C86D6-5796-4CFB-99F5-64EAFE68474A}.Release|x86.Build.0 = Release|Any CPU
		{0833ADDA-2C28-439C-A44A-B71D506CF532}.Debug|Any CPU.ActiveCfg = Debug|Any CPU
		{0833ADDA-2C28-439C-A44A-B71D506CF532}.Debug|Any CPU.Build.0 = Debug|Any CPU
		{0833ADDA-2C28-439C-A44A-B71D506CF532}.Debug|x64.ActiveCfg = Debug|Any CPU
		{0833ADDA-2C28-439C-A44A-B71D506CF532}.Debug|x64.Build.0 = Debug|Any CPU
		{0833ADDA-2C28-439C-A44A-B71D506CF532}.Debug|x86.ActiveCfg = Debug|Any CPU
		{0833ADDA-2C28-439C-A44A-B71D506CF532}.Debug|x86.Build.0 = Debug|Any CPU
		{0833ADDA-2C28-439C-A44A-B71D506CF532}.Release|Any CPU.ActiveCfg = Release|Any CPU
		{0833ADDA-2C28-439C-A44A-B71D506CF532}.Release|Any CPU.Build.0 = Release|Any CPU
		{0833ADDA-2C28-439C-A44A-B71D506CF532}.Release|x64.ActiveCfg = Release|Any CPU
		{0833ADDA-2C28-439C-A44A-B71D506CF532}.Release|x64.Build.0 = Release|Any CPU
		{0833ADDA-2C28-439C-A44A-B71D506CF532}.Release|x86.ActiveCfg = Release|Any CPU
		{0833ADDA-2C28-439C-A44A-B71D506CF532}.Release|x86.Build.0 = Release|Any CPU
		{A3705E07-DAD5-4A2D-B0EA-B62F5BF3C57E}.Debug|Any CPU.ActiveCfg = Debug|Any CPU
		{A3705E07-DAD5-4A2D-B0EA-B62F5BF3C57E}.Debug|Any CPU.Build.0 = Debug|Any CPU
		{A3705E07-DAD5-4A2D-B0EA-B62F5BF3C57E}.Debug|x64.ActiveCfg = Debug|Any CPU
		{A3705E07-DAD5-4A2D-B0EA-B62F5BF3C57E}.Debug|x64.Build.0 = Debug|Any CPU
		{A3705E07-DAD5-4A2D-B0EA-B62F5BF3C57E}.Debug|x86.ActiveCfg = Debug|Any CPU
		{A3705E07-DAD5-4A2D-B0EA-B62F5BF3C57E}.Debug|x86.Build.0 = Debug|Any CPU
		{A3705E07-DAD5-4A2D-B0EA-B62F5BF3C57E}.Release|Any CPU.ActiveCfg = Release|Any CPU
		{A3705E07-DAD5-4A2D-B0EA-B62F5BF3C57E}.Release|Any CPU.Build.0 = Release|Any CPU
		{A3705E07-DAD5-4A2D-B0EA-B62F5BF3C57E}.Release|x64.ActiveCfg = Release|Any CPU
		{A3705E07-DAD5-4A2D-B0EA-B62F5BF3C57E}.Release|x64.Build.0 = Release|Any CPU
		{A3705E07-DAD5-4A2D-B0EA-B62F5BF3C57E}.Release|x86.ActiveCfg = Release|Any CPU
		{A3705E07-DAD5-4A2D-B0EA-B62F5BF3C57E}.Release|x86.Build.0 = Release|Any CPU
		{A5C9C61D-FC66-44E7-A583-B3AA72DF76B2}.Debug|Any CPU.ActiveCfg = Debug|Any CPU
		{A5C9C61D-FC66-44E7-A583-B3AA72DF76B2}.Debug|Any CPU.Build.0 = Debug|Any CPU
		{A5C9C61D-FC66-44E7-A583-B3AA72DF76B2}.Debug|x64.ActiveCfg = Debug|Any CPU
		{A5C9C61D-FC66-44E7-A583-B3AA72DF76B2}.Debug|x64.Build.0 = Debug|Any CPU
		{A5C9C61D-FC66-44E7-A583-B3AA72DF76B2}.Debug|x86.ActiveCfg = Debug|Any CPU
		{A5C9C61D-FC66-44E7-A583-B3AA72DF76B2}.Debug|x86.Build.0 = Debug|Any CPU
		{A5C9C61D-FC66-44E7-A583-B3AA72DF76B2}.Release|Any CPU.ActiveCfg = Release|Any CPU
		{A5C9C61D-FC66-44E7-A583-B3AA72DF76B2}.Release|Any CPU.Build.0 = Release|Any CPU
		{A5C9C61D-FC66-44E7-A583-B3AA72DF76B2}.Release|x64.ActiveCfg = Release|Any CPU
		{A5C9C61D-FC66-44E7-A583-B3AA72DF76B2}.Release|x64.Build.0 = Release|Any CPU
		{A5C9C61D-FC66-44E7-A583-B3AA72DF76B2}.Release|x86.ActiveCfg = Release|Any CPU
		{A5C9C61D-FC66-44E7-A583-B3AA72DF76B2}.Release|x86.Build.0 = Release|Any CPU
		{D576FE0A-F454-4B0E-A6AC-1B9E30E9A92A}.Debug|Any CPU.ActiveCfg = Debug|Any CPU
		{D576FE0A-F454-4B0E-A6AC-1B9E30E9A92A}.Debug|Any CPU.Build.0 = Debug|Any CPU
		{D576FE0A-F454-4B0E-A6AC-1B9E30E9A92A}.Debug|x64.ActiveCfg = Debug|Any CPU
		{D576FE0A-F454-4B0E-A6AC-1B9E30E9A92A}.Debug|x64.Build.0 = Debug|Any CPU
		{D576FE0A-F454-4B0E-A6AC-1B9E30E9A92A}.Debug|x86.ActiveCfg = Debug|Any CPU
		{D576FE0A-F454-4B0E-A6AC-1B9E30E9A92A}.Debug|x86.Build.0 = Debug|Any CPU
		{D576FE0A-F454-4B0E-A6AC-1B9E30E9A92A}.Release|Any CPU.ActiveCfg = Release|Any CPU
		{D576FE0A-F454-4B0E-A6AC-1B9E30E9A92A}.Release|Any CPU.Build.0 = Release|Any CPU
		{D576FE0A-F454-4B0E-A6AC-1B9E30E9A92A}.Release|x64.ActiveCfg = Release|Any CPU
		{D576FE0A-F454-4B0E-A6AC-1B9E30E9A92A}.Release|x64.Build.0 = Release|Any CPU
		{D576FE0A-F454-4B0E-A6AC-1B9E30E9A92A}.Release|x86.ActiveCfg = Release|Any CPU
		{D576FE0A-F454-4B0E-A6AC-1B9E30E9A92A}.Release|x86.Build.0 = Release|Any CPU
		{3C6072DF-FEE5-4783-8564-671D9706C0B4}.Debug|Any CPU.ActiveCfg = Debug|Any CPU
		{3C6072DF-FEE5-4783-8564-671D9706C0B4}.Debug|Any CPU.Build.0 = Debug|Any CPU
		{3C6072DF-FEE5-4783-8564-671D9706C0B4}.Debug|x64.ActiveCfg = Debug|Any CPU
		{3C6072DF-FEE5-4783-8564-671D9706C0B4}.Debug|x64.Build.0 = Debug|Any CPU
		{3C6072DF-FEE5-4783-8564-671D9706C0B4}.Debug|x86.ActiveCfg = Debug|Any CPU
		{3C6072DF-FEE5-4783-8564-671D9706C0B4}.Debug|x86.Build.0 = Debug|Any CPU
		{3C6072DF-FEE5-4783-8564-671D9706C0B4}.Release|Any CPU.ActiveCfg = Release|Any CPU
		{3C6072DF-FEE5-4783-8564-671D9706C0B4}.Release|Any CPU.Build.0 = Release|Any CPU
		{3C6072DF-FEE5-4783-8564-671D9706C0B4}.Release|x64.ActiveCfg = Release|Any CPU
		{3C6072DF-FEE5-4783-8564-671D9706C0B4}.Release|x64.Build.0 = Release|Any CPU
		{3C6072DF-FEE5-4783-8564-671D9706C0B4}.Release|x86.ActiveCfg = Release|Any CPU
		{3C6072DF-FEE5-4783-8564-671D9706C0B4}.Release|x86.Build.0 = Release|Any CPU
		{BA46D1AD-6629-4DB8-9B56-47A694CC750F}.Debug|Any CPU.ActiveCfg = Debug|Any CPU
		{BA46D1AD-6629-4DB8-9B56-47A694CC750F}.Debug|Any CPU.Build.0 = Debug|Any CPU
		{BA46D1AD-6629-4DB8-9B56-47A694CC750F}.Debug|x64.ActiveCfg = Debug|Any CPU
		{BA46D1AD-6629-4DB8-9B56-47A694CC750F}.Debug|x64.Build.0 = Debug|Any CPU
		{BA46D1AD-6629-4DB8-9B56-47A694CC750F}.Debug|x86.ActiveCfg = Debug|Any CPU
		{BA46D1AD-6629-4DB8-9B56-47A694CC750F}.Debug|x86.Build.0 = Debug|Any CPU
		{BA46D1AD-6629-4DB8-9B56-47A694CC750F}.Release|Any CPU.ActiveCfg = Release|Any CPU
		{BA46D1AD-6629-4DB8-9B56-47A694CC750F}.Release|Any CPU.Build.0 = Release|Any CPU
		{BA46D1AD-6629-4DB8-9B56-47A694CC750F}.Release|x64.ActiveCfg = Release|Any CPU
		{BA46D1AD-6629-4DB8-9B56-47A694CC750F}.Release|x64.Build.0 = Release|Any CPU
		{BA46D1AD-6629-4DB8-9B56-47A694CC750F}.Release|x86.ActiveCfg = Release|Any CPU
		{BA46D1AD-6629-4DB8-9B56-47A694CC750F}.Release|x86.Build.0 = Release|Any CPU
		{BAD444FF-D671-44F2-B2F5-16B47EA9C7F1}.Debug|Any CPU.ActiveCfg = Debug|Any CPU
		{BAD444FF-D671-44F2-B2F5-16B47EA9C7F1}.Debug|Any CPU.Build.0 = Debug|Any CPU
		{BAD444FF-D671-44F2-B2F5-16B47EA9C7F1}.Debug|x64.ActiveCfg = Debug|Any CPU
		{BAD444FF-D671-44F2-B2F5-16B47EA9C7F1}.Debug|x64.Build.0 = Debug|Any CPU
		{BAD444FF-D671-44F2-B2F5-16B47EA9C7F1}.Debug|x86.ActiveCfg = Debug|Any CPU
		{BAD444FF-D671-44F2-B2F5-16B47EA9C7F1}.Debug|x86.Build.0 = Debug|Any CPU
		{BAD444FF-D671-44F2-B2F5-16B47EA9C7F1}.Release|Any CPU.ActiveCfg = Release|Any CPU
		{BAD444FF-D671-44F2-B2F5-16B47EA9C7F1}.Release|Any CPU.Build.0 = Release|Any CPU
		{BAD444FF-D671-44F2-B2F5-16B47EA9C7F1}.Release|x64.ActiveCfg = Release|Any CPU
		{BAD444FF-D671-44F2-B2F5-16B47EA9C7F1}.Release|x64.Build.0 = Release|Any CPU
		{BAD444FF-D671-44F2-B2F5-16B47EA9C7F1}.Release|x86.ActiveCfg = Release|Any CPU
		{BAD444FF-D671-44F2-B2F5-16B47EA9C7F1}.Release|x86.Build.0 = Release|Any CPU
		{CB181DDE-353D-4E88-B2E3-4753C7B16BB3}.Debug|Any CPU.ActiveCfg = Debug|Any CPU
		{CB181DDE-353D-4E88-B2E3-4753C7B16BB3}.Debug|Any CPU.Build.0 = Debug|Any CPU
		{CB181DDE-353D-4E88-B2E3-4753C7B16BB3}.Debug|x64.ActiveCfg = Debug|Any CPU
		{CB181DDE-353D-4E88-B2E3-4753C7B16BB3}.Debug|x64.Build.0 = Debug|Any CPU
		{CB181DDE-353D-4E88-B2E3-4753C7B16BB3}.Debug|x86.ActiveCfg = Debug|Any CPU
		{CB181DDE-353D-4E88-B2E3-4753C7B16BB3}.Debug|x86.Build.0 = Debug|Any CPU
		{CB181DDE-353D-4E88-B2E3-4753C7B16BB3}.Release|Any CPU.ActiveCfg = Release|Any CPU
		{CB181DDE-353D-4E88-B2E3-4753C7B16BB3}.Release|Any CPU.Build.0 = Release|Any CPU
		{CB181DDE-353D-4E88-B2E3-4753C7B16BB3}.Release|x64.ActiveCfg = Release|Any CPU
		{CB181DDE-353D-4E88-B2E3-4753C7B16BB3}.Release|x64.Build.0 = Release|Any CPU
		{CB181DDE-353D-4E88-B2E3-4753C7B16BB3}.Release|x86.ActiveCfg = Release|Any CPU
		{CB181DDE-353D-4E88-B2E3-4753C7B16BB3}.Release|x86.Build.0 = Release|Any CPU
		{F193E353-CE4F-4F9C-B3A2-D07C8147EB58}.Debug|Any CPU.ActiveCfg = Debug|Any CPU
		{F193E353-CE4F-4F9C-B3A2-D07C8147EB58}.Debug|Any CPU.Build.0 = Debug|Any CPU
		{F193E353-CE4F-4F9C-B3A2-D07C8147EB58}.Debug|x64.ActiveCfg = Debug|Any CPU
		{F193E353-CE4F-4F9C-B3A2-D07C8147EB58}.Debug|x64.Build.0 = Debug|Any CPU
		{F193E353-CE4F-4F9C-B3A2-D07C8147EB58}.Debug|x86.ActiveCfg = Debug|Any CPU
		{F193E353-CE4F-4F9C-B3A2-D07C8147EB58}.Debug|x86.Build.0 = Debug|Any CPU
		{F193E353-CE4F-4F9C-B3A2-D07C8147EB58}.Release|Any CPU.ActiveCfg = Release|Any CPU
		{F193E353-CE4F-4F9C-B3A2-D07C8147EB58}.Release|Any CPU.Build.0 = Release|Any CPU
		{F193E353-CE4F-4F9C-B3A2-D07C8147EB58}.Release|x64.ActiveCfg = Release|Any CPU
		{F193E353-CE4F-4F9C-B3A2-D07C8147EB58}.Release|x64.Build.0 = Release|Any CPU
		{F193E353-CE4F-4F9C-B3A2-D07C8147EB58}.Release|x86.ActiveCfg = Release|Any CPU
		{F193E353-CE4F-4F9C-B3A2-D07C8147EB58}.Release|x86.Build.0 = Release|Any CPU
	EndGlobalSection
	GlobalSection(SolutionProperties) = preSolution
		HideSolutionNode = FALSE
	EndGlobalSection
	GlobalSection(NestedProjects) = preSolution
		{417C86D6-5796-4CFB-99F5-64EAFE68474A} = {827E0CD3-B72D-47B6-A68D-7590B98EB39B}
		{0833ADDA-2C28-439C-A44A-B71D506CF532} = {827E0CD3-B72D-47B6-A68D-7590B98EB39B}
		{A3705E07-DAD5-4A2D-B0EA-B62F5BF3C57E} = {827E0CD3-B72D-47B6-A68D-7590B98EB39B}
		{A5C9C61D-FC66-44E7-A583-B3AA72DF76B2} = {827E0CD3-B72D-47B6-A68D-7590B98EB39B}
		{D576FE0A-F454-4B0E-A6AC-1B9E30E9A92A} = {827E0CD3-B72D-47B6-A68D-7590B98EB39B}
		{3C6072DF-FEE5-4783-8564-671D9706C0B4} = {0AB3BF05-4346-4AA6-1389-037BE0695223}
		{BA46D1AD-6629-4DB8-9B56-47A694CC750F} = {0AB3BF05-4346-4AA6-1389-037BE0695223}
		{BAD444FF-D671-44F2-B2F5-16B47EA9C7F1} = {0AB3BF05-4346-4AA6-1389-037BE0695223}
		{CB181DDE-353D-4E88-B2E3-4753C7B16BB3} = {0AB3BF05-4346-4AA6-1389-037BE0695223}
		{F193E353-CE4F-4F9C-B3A2-D07C8147EB58} = {07C2787E-EAC7-C090-1BA3-A61EC2A24D84}
	EndGlobalSection
EndGlobal
